
Microsoft Visual Studio Solution File, Format Version 12.00
# Visual Studio Version 17
VisualStudioVersion = 17.5.002.0
MinimumVisualStudioVersion = 10.0.40219.1
Project("{2150E333-8FDC-42A3-9474-1A3956D46DE8}") = "modules", "modules", "{6E813486-D03C-4AA6-8E4B-EDAF222F45B2}"
EndProject
Project("{9A19103F-16F7-4668-BE54-9A1E7A4F7556}") = "LdrSensorModule", "modules\LdrSensorModule\LdrSensorModule.csproj", "{9689D374-5465-44BA-BFCA-6051276726BC}"
EndProject
Global
	GlobalSection(SolutionConfigurationPlatforms) = preSolution
		Debug|Any CPU = Debug|Any CPU
		Release|Any CPU = Release|Any CPU
	EndGlobalSection
	GlobalSection(ProjectConfigurationPlatforms) = postSolution
		{9689D374-5465-44BA-BFCA-6051276726BC}.Debug|Any CPU.ActiveCfg = Debug|Any CPU
		{9689D374-5465-44BA-BFCA-6051276726BC}.Debug|Any CPU.Build.0 = Debug|Any CPU
		{9689D374-5465-44BA-BFCA-6051276726BC}.Release|Any CPU.ActiveCfg = Release|Any CPU
		{9689D374-5465-44BA-BFCA-6051276726BC}.Release|Any CPU.Build.0 = Release|Any CPU
	EndGlobalSection
	GlobalSection(SolutionProperties) = preSolution
		HideSolutionNode = FALSE
	EndGlobalSection
	GlobalSection(NestedProjects) = preSolution
		{9689D374-5465-44BA-BFCA-6051276726BC} = {6E813486-D03C-4AA6-8E4B-EDAF222F45B2}
	EndGlobalSection
	GlobalSection(ExtensibilityGlobals) = postSolution
		SolutionGuid = {473D50D7-51A9-4278-A5A9-F11B1589FE00}
	EndGlobalSection
EndGlobal
